
Microsoft Visual Studio Solution File, Format Version 12.00
Project("{FAE04EC0-301F-11D3-BF4B-00C04F79EFBC}") = "ThreadPool", "ThreadPool\ThreadPool.csproj", "{B0CACAD9-F80E-410E-BD52-C496B7FE91AD}"
EndProject
Project("{FAE04EC0-301F-11D3-BF4B-00C04F79EFBC}") = "ThreadPoolTest", "ThreadPoolTest\ThreadPoolTest.csproj", "{FDFA5BB9-130D-4F66-8B50-69C58723D121}"
EndProject
Global
	GlobalSection(SolutionConfigurationPlatforms) = preSolution
		Debug|Any CPU = Debug|Any CPU
		Release|Any CPU = Release|Any CPU
	EndGlobalSection
	GlobalSection(ProjectConfigurationPlatforms) = postSolution
		{B0CACAD9-F80E-410E-BD52-C496B7FE91AD}.Debug|Any CPU.ActiveCfg = Debug|Any CPU
		{B0CACAD9-F80E-410E-BD52-C496B7FE91AD}.Debug|Any CPU.Build.0 = Debug|Any CPU
		{B0CACAD9-F80E-410E-BD52-C496B7FE91AD}.Release|Any CPU.ActiveCfg = Release|Any CPU
		{B0CACAD9-F80E-410E-BD52-C496B7FE91AD}.Release|Any CPU.Build.0 = Release|Any CPU
		{FDFA5BB9-130D-4F66-8B50-69C58723D121}.Debug|Any CPU.ActiveCfg = Debug|Any CPU
		{FDFA5BB9-130D-4F66-8B50-69C58723D121}.Debug|Any CPU.Build.0 = Debug|Any CPU
		{FDFA5BB9-130D-4F66-8B50-69C58723D121}.Release|Any CPU.ActiveCfg = Release|Any CPU
		{FDFA5BB9-130D-4F66-8B50-69C58723D121}.Release|Any CPU.Build.0 = Release|Any CPU
	EndGlobalSection
EndGlobal
