
Microsoft Visual Studio Solution File, Format Version 12.00
# Visual Studio Version 16
VisualStudioVersion = 16.0.29609.76
MinimumVisualStudioVersion = 10.0.40219.1
Project("{9A19103F-16F7-4668-BE54-9A1E7A4F7556}") = "ThreadPool", "ThreadPool\ThreadPool.csproj", "{7B46314C-AC95-4953-ADA0-6FBB2A4059BE}"
EndProject
Project("{FAE04EC0-301F-11D3-BF4B-00C04F79EFBC}") = "ThreadPoolTest", "ThreadPoolTest\ThreadPoolTest.csproj", "{B8D874D2-1339-41E7-9967-F9C7FDB4CDD5}"
	ProjectSection(ProjectDependencies) = postProject
		{7B46314C-AC95-4953-ADA0-6FBB2A4059BE} = {7B46314C-AC95-4953-ADA0-6FBB2A4059BE}
	EndProjectSection
EndProject
Global
	GlobalSection(SolutionConfigurationPlatforms) = preSolution
		Debug|Any CPU = Debug|Any CPU
		Release|Any CPU = Release|Any CPU
	EndGlobalSection
	GlobalSection(ProjectConfigurationPlatforms) = postSolution
		{7B46314C-AC95-4953-ADA0-6FBB2A4059BE}.Debug|Any CPU.ActiveCfg = Debug|Any CPU
		{7B46314C-AC95-4953-ADA0-6FBB2A4059BE}.Debug|Any CPU.Build.0 = Debug|Any CPU
		{7B46314C-AC95-4953-ADA0-6FBB2A4059BE}.Release|Any CPU.ActiveCfg = Release|Any CPU
		{7B46314C-AC95-4953-ADA0-6FBB2A4059BE}.Release|Any CPU.Build.0 = Release|Any CPU
		{B8D874D2-1339-41E7-9967-F9C7FDB4CDD5}.Debug|Any CPU.ActiveCfg = Debug|Any CPU
		{B8D874D2-1339-41E7-9967-F9C7FDB4CDD5}.Debug|Any CPU.Build.0 = Debug|Any CPU
		{B8D874D2-1339-41E7-9967-F9C7FDB4CDD5}.Release|Any CPU.ActiveCfg = Release|Any CPU
		{B8D874D2-1339-41E7-9967-F9C7FDB4CDD5}.Release|Any CPU.Build.0 = Release|Any CPU
	EndGlobalSection
	GlobalSection(SolutionProperties) = preSolution
		HideSolutionNode = FALSE
	EndGlobalSection
	GlobalSection(ExtensibilityGlobals) = postSolution
		SolutionGuid = {6C3C48E6-40F3-453F-8B7E-24CDD6A9943F}
	EndGlobalSection
EndGlobal
