
Microsoft Visual Studio Solution File, Format Version 12.00
# Visual Studio 15
VisualStudioVersion = 15.0.27004.2005
MinimumVisualStudioVersion = 10.0.40219.1
Project("{FAE04EC0-301F-11D3-BF4B-00C04F79EFBC}") = "CalcRealizationLib", "CalcRealizationLib\CalcRealizationLib.csproj", "{FD9D1F0C-AD9B-4442-B437-A3695781D99E}"
EndProject
Global
	GlobalSection(SolutionConfigurationPlatforms) = preSolution
		Debug|Any CPU = Debug|Any CPU
		Release|Any CPU = Release|Any CPU
	EndGlobalSection
	GlobalSection(ProjectConfigurationPlatforms) = postSolution
		{FD9D1F0C-AD9B-4442-B437-A3695781D99E}.Debug|Any CPU.ActiveCfg = Debug|Any CPU
		{FD9D1F0C-AD9B-4442-B437-A3695781D99E}.Debug|Any CPU.Build.0 = Debug|Any CPU
		{FD9D1F0C-AD9B-4442-B437-A3695781D99E}.Release|Any CPU.ActiveCfg = Release|Any CPU
		{FD9D1F0C-AD9B-4442-B437-A3695781D99E}.Release|Any CPU.Build.0 = Release|Any CPU
	EndGlobalSection
	GlobalSection(SolutionProperties) = preSolution
		HideSolutionNode = FALSE
	EndGlobalSection
	GlobalSection(ExtensibilityGlobals) = postSolution
		SolutionGuid = {70628346-DD03-4577-A5FE-27296331F3F4}
	EndGlobalSection
EndGlobal
