
Microsoft Visual Studio Solution File, Format Version 12.00
Project("{FAE04EC0-301F-11D3-BF4B-00C04F79EFBC}") = "MyThreadPool", "MyThreadPool\MyThreadPool.csproj", "{F57D65D5-6E82-438B-A6E9-637356093EA3}"
EndProject
Project("{FAE04EC0-301F-11D3-BF4B-00C04F79EFBC}") = "MyThreadPoolTests", "MyThreadPoolTests\MyThreadPoolTests.csproj", "{B504D7A5-8789-4C49-B47F-FA7057A45794}"
EndProject
Global
	GlobalSection(SolutionConfigurationPlatforms) = preSolution
		Debug|Any CPU = Debug|Any CPU
		Release|Any CPU = Release|Any CPU
	EndGlobalSection
	GlobalSection(ProjectConfigurationPlatforms) = postSolution
		{F57D65D5-6E82-438B-A6E9-637356093EA3}.Debug|Any CPU.ActiveCfg = Debug|Any CPU
		{F57D65D5-6E82-438B-A6E9-637356093EA3}.Debug|Any CPU.Build.0 = Debug|Any CPU
		{F57D65D5-6E82-438B-A6E9-637356093EA3}.Release|Any CPU.ActiveCfg = Release|Any CPU
		{F57D65D5-6E82-438B-A6E9-637356093EA3}.Release|Any CPU.Build.0 = Release|Any CPU
		{B504D7A5-8789-4C49-B47F-FA7057A45794}.Debug|Any CPU.ActiveCfg = Debug|Any CPU
		{B504D7A5-8789-4C49-B47F-FA7057A45794}.Debug|Any CPU.Build.0 = Debug|Any CPU
		{B504D7A5-8789-4C49-B47F-FA7057A45794}.Release|Any CPU.ActiveCfg = Release|Any CPU
		{B504D7A5-8789-4C49-B47F-FA7057A45794}.Release|Any CPU.Build.0 = Release|Any CPU
	EndGlobalSection
EndGlobal
