
Microsoft Visual Studio Solution File, Format Version 12.00
Project("{FAE04EC0-301F-11D3-BF4B-00C04F79EFBC}") = "MyThreadPool", "MyThreadPool\MyThreadPool.csproj", "{2615FBCE-9948-4260-91A2-3F3B51528382}"
EndProject
Project("{FAE04EC0-301F-11D3-BF4B-00C04F79EFBC}") = "MyThreadPoolTest", "MyThreadPoolTest\MyThreadPoolTest.csproj", "{B482BF11-0312-45EB-AECD-AFCE3FA80A14}"
EndProject
Global
	GlobalSection(SolutionConfigurationPlatforms) = preSolution
		Debug|Any CPU = Debug|Any CPU
		Release|Any CPU = Release|Any CPU
	EndGlobalSection
	GlobalSection(ProjectConfigurationPlatforms) = postSolution
		{2615FBCE-9948-4260-91A2-3F3B51528382}.Debug|Any CPU.ActiveCfg = Debug|Any CPU
		{2615FBCE-9948-4260-91A2-3F3B51528382}.Debug|Any CPU.Build.0 = Debug|Any CPU
		{2615FBCE-9948-4260-91A2-3F3B51528382}.Release|Any CPU.ActiveCfg = Release|Any CPU
		{2615FBCE-9948-4260-91A2-3F3B51528382}.Release|Any CPU.Build.0 = Release|Any CPU
		{B482BF11-0312-45EB-AECD-AFCE3FA80A14}.Debug|Any CPU.ActiveCfg = Debug|Any CPU
		{B482BF11-0312-45EB-AECD-AFCE3FA80A14}.Debug|Any CPU.Build.0 = Debug|Any CPU
		{B482BF11-0312-45EB-AECD-AFCE3FA80A14}.Release|Any CPU.ActiveCfg = Release|Any CPU
		{B482BF11-0312-45EB-AECD-AFCE3FA80A14}.Release|Any CPU.Build.0 = Release|Any CPU
	EndGlobalSection
EndGlobal
